{
  "name": "VR Menu",
  "lockfileVersion": 3,
  "requires": true,
  "packages": {
    "": {
      "dependencies": {
        "ar.js": "^2.0.0"
      }
    },
    "node_modules/ar.js": {
      "version": "2.0.0",
      "resolved": "https://registry.npmjs.org/ar.js/-/ar.js-2.0.0.tgz",
      "integrity": "sha512-bXPF1A1bFKRHYePyaCpFbrMz8GVWVux3AiR0kwEjWFEMCz1EMUZuuvp5QvPRNBxUc21Dl3qVV9PitGuELXt3cw==",
      "license": "MIT"
    }
  }
}
